PODS:
  - LicensePlist (2.6.0)
  - R.swift (5.0.3):
    - R.swift.Library (~> 5.0.0)
  - R.swift.Library (5.0.1)
  - SwiftLint (0.35.0)

DEPENDENCIES:
  - LicensePlist
  - R.swift
  - SwiftLint

SPEC REPOS:
  https://github.com/cocoapods/specs.git:
    - LicensePlist
    - R.swift
    - R.swift.Library
    - SwiftLint

SPEC CHECKSUMS:
  LicensePlist: 04fb95b572038c87068283afa65518a61aff9342
  R.swift: f5a87643b91ea569d23d6afb3eee9c743edde239
  R.swift.Library: cfe85d569d9bae6cb262922db130e7c3a7a5fad1
  SwiftLint: 5553187048b900c91aa03552807681bb6b027846

PODFILE CHECKSUM: 9c5cad8d8bf8da51b1d0730d0aa8b5b3d9fe7b5a

COCOAPODS: 1.7.5
